// !$*UTF8*$!
{
	archiveVersion = 1;
	classes = {
	};
	objectVersion = 46;
	objects = {

/* Begin PBXBuildFile section */
		906782631B301EC500170C74 /* AppDelegate.swift in Sources */ = {isa = PBXBuildFile; fileRef = 906782621B301EC500170C74 /* AppDelegate.swift */; };
		906782651B301EC500170C74 /* ViewController.swift in Sources */ = {isa = PBXBuildFile; fileRef = 906782641B301EC500170C74 /* ViewController.swift */; };
		906782681B301EC500170C74 /* Main.storyboard in Resources */ = {isa = PBXBuildFile; fileRef = 906782661B301EC500170C74 /* Main.storyboard */; };
		9067826A1B301EC500170C74 /* Images.xcassets in Resources */ = {isa = PBXBuildFile; fileRef = 906782691B301EC500170C74 /* Images.xcassets */; };
		9067826D1B301EC500170C74 /* LaunchScreen.xib in Resources */ = {isa = PBXBuildFile; fileRef = 9067826B1B301EC500170C74 /* LaunchScreen.xib */; };
		906782791B301EC500170C74 /* GeoFenceSampleTests.swift in Sources */ = {isa = PBXBuildFile; fileRef = 906782781B301EC500170C74 /* GeoFenceSampleTests.swift */; };
		906782831B301F0F00170C74 /* CoreLocation.framework in Frameworks */ = {isa = PBXBuildFile; fileRef = 906782821B301F0F00170C74 /* CoreLocation.framework */; };
/* End PBXBuildFile section */

/* Begin PBXContainerItemProxy section */
		906782731B301EC500170C74 /* PBXContainerItemProxy */ = {
			isa = PBXContainerItemProxy;
			containerPortal = 906782551B301EC500170C74 /* Project object */;
			proxyType = 1;
			remoteGlobalIDString = 9067825C1B301EC500170C74;
			remoteInfo = GeoFenceSample;
		};
/* End PBXContainerItemProxy section */

/* Begin PBXFileReference section */
		9067825D1B301EC500170C74 /* GeoFenceSample.app */ = {isa = PBXFileReference; explicitFileType = wrapper.application; includeInIndex = 0; path = GeoFenceSample.app; sourceTree = BUILT_PRODUCTS_DIR; };
		906782611B301EC500170C74 /* Info.plist */ = {isa = PBXFileReference; lastKnownFileType = text.plist.xml; path = Info.plist; sourceTree = "<group>"; };
		906782621B301EC500170C74 /* AppDelegate.swift */ = {isa = PBXFileReference; lastKnownFileType = sourcecode.swift; path = AppDelegate.swift; sourceTree = "<group>"; };
		906782641B301EC500170C74 /* ViewController.swift */ = {isa = PBXFileReference; lastKnownFileType = sourcecode.swift; path = ViewController.swift; sourceTree = "<group>"; };
		906782671B301EC500170C74 /* Base */ = {isa = PBXFileReference; lastKnownFileType = file.storyboard; name = Base; path = Base.lproj/Main.storyboard; sourceTree = "<group>"; };
		906782691B301EC500170C74 /* Images.xcassets */ = {isa = PBXFileReference; lastKnownFileType = folder.assetcatalog; path = Images.xcassets; sourceTree = "<group>"; };
		9067826C1B301EC500170C74 /* Base */ = {isa = PBXFileReference; lastKnownFileType = file.xib; name = Base; path = Base.lproj/LaunchScreen.xib; sourceTree = "<group>"; };
		906782721B301EC500170C74 /* GeoFenceSampleTests.xctest */ = {isa = PBXFileReference; explicitFileType = wrapper.cfbundle; includeInIndex = 0; path = GeoFenceSampleTests.xctest; sourceTree = BUILT_PRODUCTS_DIR; };
		906782771B301EC500170C74 /* Info.plist */ = {isa = PBXFileReference; lastKnownFileType = text.plist.xml; path = Info.plist; sourceTree = "<group>"; };
		906782781B301EC500170C74 /* GeoFenceSampleTests.swift */ = {isa = PBXFileReference; lastKnownFileType = sourcecode.swift; path = GeoFenceSampleTests.swift; sourceTree = "<group>"; };
		906782821B301F0F00170C74 /* CoreLocation.framework */ = {isa = PBXFileReference; lastKnownFileType = wrapper.framework; name = CoreLocation.framework; path = System/Library/Frameworks/CoreLocation.framework; sourceTree = SDKROOT; };
/* End PBXFileReference section */

/* Begin PBXFrameworksBuildPhase section */
		9067825A1B301EC500170C74 /* Frameworks */ = {
			isa = PBXFrameworksBuildPhase;
			buildActionMask = 2147483647;
			files = (
				906782831B301F0F00170C74 /* CoreLocation.framework in Frameworks */,
			);
			runOnlyForDeploymentPostprocessing = 0;
		};
		9067826F1B301EC500170C74 /* Frameworks */ = {
			isa = PBXFrameworksBuildPhase;
			buildActionMask = 2147483647;
			files = (
			);
			runOnlyForDeploymentPostprocessing = 0;
		};
/* End PBXFrameworksBuildPhase section */

/* Begin PBXGroup section */
		906782541B301EC500170C74 = {
			isa = PBXGroup;
			children = (
				906782821B301F0F00170C74 /* CoreLocation.framework */,
				9067825F1B301EC500170C74 /* GeoFenceSample */,
				906782751B301EC500170C74 /* GeoFenceSampleTests */,
				9067825E1B301EC500170C74 /* Products */,
			);
			sourceTree = "<group>";
		};
		9067825E1B301EC500170C74 /* Products */ = {
			isa = PBXGroup;
			children = (
				9067825D1B301EC500170C74 /* GeoFenceSample.app */,
				906782721B301EC500170C74 /* GeoFenceSampleTests.xctest */,
			);
			name = Products;
			sourceTree = "<group>";
		};
		9067825F1B301EC500170C74 /* GeoFenceSample */ = {
			isa = PBXGroup;
			children = (
				906782621B301EC500170C74 /* AppDelegate.swift */,
				906782641B301EC500170C74 /* ViewController.swift */,
				906782661B301EC500170C74 /* Main.storyboard */,
				906782691B301EC500170C74 /* Images.xcassets */,
				9067826B1B301EC500170C74 /* LaunchScreen.xib */,
				906782601B301EC500170C74 /* Supporting Files */,
			);
			path = GeoFenceSample;
			sourceTree = "<group>";
		};
		906782601B301EC500170C74 /* Supporting Files */ = {
			isa = PBXGroup;
			children = (
				906782611B301EC500170C74 /* Info.plist */,
			);
			name = "Supporting Files";
			sourceTree = "<group>";
		};
		906782751B301EC500170C74 /* GeoFenceSampleTests */ = {
			isa = PBXGroup;
			children = (
				906782781B301EC500170C74 /* GeoFenceSampleTests.swift */,
				906782761B301EC500170C74 /* Supporting Files */,
			);
			path = GeoFenceSampleTests;
			sourceTree = "<group>";
		};
		906782761B301EC500170C74 /* Supporting Files */ = {
			isa = PBXGroup;
			children = (
				906782771B301EC500170C74 /* Info.plist */,
			);
			name = "Supporting Files";
			sourceTree = "<group>";
		};
/* End PBXGroup section */

/* Begin PBXNativeTarget section */
		9067825C1B301EC500170C74 /* GeoFenceSample */ = {
			isa = PBXNativeTarget;
			buildConfigurationList = 9067827C1B301EC500170C74 /* Build configuration list for PBXNativeTarget "GeoFenceSample" */;
			buildPhases = (
				906782591B301EC500170C74 /* Sources */,
				9067825A1B301EC500170C74 /* Frameworks */,
				9067825B1B301EC500170C74 /* Resources */,
			);
			buildRules = (
			);
			dependencies = (
			);
			name = GeoFenceSample;
			productName = GeoFenceSample;
			productReference = 9067825D1B301EC500170C74 /* GeoFenceSample.app */;
			productType = "com.apple.product-type.application";
		};
		906782711B301EC500170C74 /* GeoFenceSampleTests */ = {
			isa = PBXNativeTarget;
			buildConfigurationList = 9067827F1B301EC500170C74 /* Build configuration list for PBXNativeTarget "GeoFenceSampleTests" */;
			buildPhases = (
				9067826E1B301EC500170C74 /* Sources */,
				9067826F1B301EC500170C74 /* Frameworks */,
				906782701B301EC500170C74 /* Resources */,
			);
			buildRules = (
			);
			dependencies = (
				906782741B301EC500170C74 /* PBXTargetDependency */,
			);
			name = GeoFenceSampleTests;
			productName = GeoFenceSampleTests;
			productReference = 906782721B301EC500170C74 /* GeoFenceSampleTests.xctest */;
			productType = "com.apple.product-type.bundle.unit-test";
		};
/* End PBXNativeTarget section */

/* Begin PBXProject section */
		906782551B301EC500170C74 /* Project object */ = {
			isa = PBXProject;
			attributes = {
				LastUpgradeCheck = 0630;
				ORGANIZATIONNAME = Derushio;
				TargetAttributes = {
					9067825C1B301EC500170C74 = {
						CreatedOnToolsVersion = 6.3.2;
					};
					906782711B301EC500170C74 = {
						CreatedOnToolsVersion = 6.3.2;
						TestTargetID = 9067825C1B301EC500170C74;
					};
				};
			};
			buildConfigurationList = 906782581B301EC500170C74 /* Build configuration list for PBXProject "GeoFenceSample" */;
			compatibilityVersion = "Xcode 3.2";
			developmentRegion = English;
			hasScannedForEncodings = 0;
			knownRegions = (
				en,
				Base,
			);
			mainGroup = 906782541B301EC500170C74;
			productRefGroup = 9067825E1B301EC500170C74 /* Products */;
			projectDirPath = "";
			projectRoot = "";
			targets = (
				9067825C1B301EC500170C74 /* GeoFenceSample */,
				906782711B301EC500170C74 /* GeoFenceSampleTests */,
			);
		};
/* End PBXProject section */

/* Begin PBXResourcesBuildPhase section */
		9067825B1B301EC500170C74 /* Resources */ = {
			isa = PBXResourcesBuildPhase;
			buildActionMask = 2147483647;
			files = (
				906782681B301EC500170C74 /* Main.storyboard in Resources */,
				9067826D1B301EC500170C74 /* LaunchScreen.xib in Resources */,
				9067826A1B301EC500170C74 /* Images.xcassets in Resources */,
			);
			runOnlyForDeploymentPostprocessing = 0;
		};
		906782701B301EC500170C74 /* Resources */ = {
			isa = PBXResourcesBuildPhase;
			buildActionMask = 2147483647;
			files = (
			);
			runOnlyForDeploymentPostprocessing = 0;
		};
/* End PBXResourcesBuildPhase section */

/* Begin PBXSourcesBuildPhase section */
		906782591B301EC500170C74 /* Sources */ = {
			isa = PBXSourcesBuildPhase;
			buildActionMask = 2147483647;
			files = (
				906782651B301EC500170C74 /* ViewController.swift in Sources */,
				906782631B301EC500170C74 /* AppDelegate.swift in Sources */,
			);
			runOnlyForDeploymentPostprocessing = 0;
		};
		9067826E1B301EC500170C74 /* Sources */ = {
			isa = PBXSourcesBuildPhase;
			buildActionMask = 2147483647;
			files = (
				906782791B301EC500170C74 /* GeoFenceSampleTests.swift in Sources */,
			);
			runOnlyForDeploymentPostprocessing = 0;
		};
/* End PBXSourcesBuildPhase section */

/* Begin PBXTargetDependency section */
		906782741B301EC500170C74 /* PBXTargetDependency */ = {
			isa = PBXTargetDependency;
			target = 9067825C1B301EC500170C74 /* GeoFenceSample */;
			targetProxy = 906782731B301EC500170C74 /* PBXContainerItemProxy */;
		};
/* End PBXTargetDependency section */

/* Begin PBXVariantGroup section */
		906782661B301EC500170C74 /* Main.storyboard */ = {
			isa = PBXVariantGroup;
			children = (
				906782671B301EC500170C74 /* Base */,
			);
			name = Main.storyboard;
			sourceTree = "<group>";
		};
		9067826B1B301EC500170C74 /* LaunchScreen.xib */ = {
			isa = PBXVariantGroup;
			children = (
				9067826C1B301EC500170C74 /* Base */,
			);
			name = LaunchScreen.xib;
			sourceTree = "<group>";
		};
/* End PBXVariantGroup section */

/* Begin XCBuildConfiguration section */
		9067827A1B301EC500170C74 /* Debug */ = {
			isa = XCBuildConfiguration;
			buildSettings = {
				ALWAYS_SEARCH_USER_PATHS = NO;
				CLANG_CXX_LANGUAGE_STANDARD = "gnu++0x";
				CLANG_CXX_LIBRARY = "libc++";
				CLANG_ENABLE_MODULES = YES;
				CLANG_ENABLE_OBJC_ARC = YES;
				CLANG_WARN_BOOL_CONVERSION = YES;
				CLANG_WARN_CONSTANT_CONVERSION = YES;
				CLANG_WARN_DIRECT_OBJC_ISA_USAGE = YES_ERROR;
				CLANG_WARN_EMPTY_BODY = YES;
				CLANG_WARN_ENUM_CONVERSION = YES;
				CLANG_WARN_INT_CONVERSION = YES;
				CLANG_WARN_OBJC_ROOT_CLASS = YES_ERROR;
				CLANG_WARN_UNREACHABLE_CODE = YES;
				CLANG_WARN__DUPLICATE_METHOD_MATCH = YES;
				"CODE_SIGN_IDENTITY[sdk=iphoneos*]" = "iPhone Developer";
				COPY_PHASE_STRIP = NO;
				DEBUG_INFORMATION_FORMAT = "dwarf-with-dsym";
				ENABLE_STRICT_OBJC_MSGSEND = YES;
				GCC_C_LANGUAGE_STANDARD = gnu99;
				GCC_DYNAMIC_NO_PIC = NO;
				GCC_NO_COMMON_BLOCKS = YES;
				GCC_OPTIMIZATION_LEVEL = 0;
				GCC_PREPROCESSOR_DEFINITIONS = (
					"DEBUG=1",
					"$(inherited)",
				);
				GCC_SYMBOLS_PRIVATE_EXTERN = NO;
				GCC_WARN_64_TO_32_BIT_CONVERSION = YES;
				GCC_WARN_ABOUT_RETURN_TYPE = YES_ERROR;
				GCC_WARN_UNDECLARED_SELECTOR = YES;
				GCC_WARN_UNINITIALIZED_AUTOS = YES_AGGRESSIVE;
				GCC_WARN_UNUSED_FUNCTION = YES;
				GCC_WARN_UNUSED_VARIABLE = YES;
				IPHONEOS_DEPLOYMENT_TARGET = 8.3;
				MTL_ENABLE_DEBUG_INFO = YES;
				ONLY_ACTIVE_ARCH = YES;
				SDKROOT = iphoneos;
				SWIFT_OPTIMIZATION_LEVEL = "-Onone";
				TARGETED_DEVICE_FAMILY = "1,2";
			};
			name = Debug;
		};
		9067827B1B301EC500170C74 /* Release */ = {
			isa = XCBuildConfiguration;
			buildSettings = {
				ALWAYS_SEARCH_USER_PATHS = NO;
				CLANG_CXX_LANGUAGE_STANDARD = "gnu++0x";
				CLANG_CXX_LIBRARY = "libc++";
				CLANG_ENABLE_MODULES = YES;
				CLANG_ENABLE_OBJC_ARC = YES;
				CLANG_WARN_BOOL_CONVERSION = YES;
				CLANG_WARN_CONSTANT_CONVERSION = YES;
				CLANG_WARN_DIRECT_OBJC_ISA_USAGE = YES_ERROR;
				CLANG_WARN_EMPTY_BODY = YES;
				CLANG_WARN_ENUM_CONVERSION = YES;
				CLANG_WARN_INT_CONVERSION = YES;
				CLANG_WARN_OBJC_ROOT_CLASS = YES_ERROR;
				CLANG_WARN_UNREACHABLE_CODE = YES;
				CLANG_WARN__DUPLICATE_METHOD_MATCH = YES;
				"CODE_SIGN_IDENTITY[sdk=iphoneos*]" = "iPhone Developer";
				COPY_PHASE_STRIP = NO;
				DEBUG_INFORMATION_FORMAT = "dwarf-with-dsym";
				ENABLE_NS_ASSERTIONS = NO;
				ENABLE_STRICT_OBJC_MSGSEND = YES;
				GCC_C_LANGUAGE_STANDARD = gnu99;
				GCC_NO_COMMON_BLOCKS = YES;
				GCC_WARN_64_TO_32_BIT_CONVERSION = YES;
				GCC_WARN_ABOUT_RETURN_TYPE = YES_ERROR;
				GCC_WARN_UNDECLARED_SELECTOR = YES;
				GCC_WARN_UNINITIALIZED_AUTOS = YES_AGGRESSIVE;
				GCC_WARN_UNUSED_FUNCTION = YES;
				GCC_WARN_UNUSED_VARIABLE = YES;
				IPHONEOS_DEPLOYMENT_TARGET = 8.3;
				MTL_ENABLE_DEBUG_INFO = NO;
				SDKROOT = iphoneos;
				TARGETED_DEVICE_FAMILY = "1,2";
				VALIDATE_PRODUCT = YES;
			};
			name = Release;
		};
		9067827D1B301EC500170C74 /* Debug */ = {
			isa = XCBuildConfiguration;
			buildSettings = {
				ASSETCATALOG_COMPILER_APPICON_NAME = AppIcon;
				INFOPLIST_FILE = GeoFenceSample/Info.plist;
				LD_RUNPATH_SEARCH_PATHS = "$(inherited) @executable_path/Frameworks";
				PRODUCT_NAME = "$(TARGET_NAME)";
			};
			name = Debug;
		};
		9067827E1B301EC500170C74 /* Release */ = {
			isa = XCBuildConfiguration;
			buildSettings = {
				ASSETCATALOG_COMPILER_APPICON_NAME = AppIcon;
				INFOPLIST_FILE = GeoFenceSample/Info.plist;
				LD_RUNPATH_SEARCH_PATHS = "$(inherited) @executable_path/Frameworks";
				PRODUCT_NAME = "$(TARGET_NAME)";
			};
			name = Release;
		};
		906782801B301EC500170C74 /* Debug */ = {
			isa = XCBuildConfiguration;
			buildSettings = {
				BUNDLE_LOADER = "$(TEST_HOST)";
				FRAMEWORK_SEARCH_PATHS = (
					"$(SDKROOT)/Developer/Library/Frameworks",
					"$(inherited)",
				);
				GCC_PREPROCESSOR_DEFINITIONS = (
					"DEBUG=1",
					"$(inherited)",
				);
				INFOPLIST_FILE = GeoFenceSampleTests/Info.plist;
				LD_RUNPATH_SEARCH_PATHS = "$(inherited) @executable_path/Frameworks @loader_path/Frameworks";
				PRODUCT_NAME = "$(TARGET_NAME)";
				TEST_HOST = "$(BUILT_PRODUCTS_DIR)/GeoFenceSample.app/GeoFenceSample";
			};
			name = Debug;
		};
		906782811B301EC500170C74 /* Release */ = {
			isa = XCBuildConfiguration;
			buildSettings = {
				BUNDLE_LOADER = "$(TEST_HOST)";
				FRAMEWORK_SEARCH_PATHS = (
					"$(SDKROOT)/Developer/Library/Frameworks",
					"$(inherited)",
				);
				INFOPLIST_FILE = GeoFenceSampleTests/Info.plist;
				LD_RUNPATH_SEARCH_PATHS = "$(inherited) @executable_path/Frameworks @loader_path/Frameworks";
				PRODUCT_NAME = "$(TARGET_NAME)";
				TEST_HOST = "$(BUILT_PRODUCTS_DIR)/GeoFenceSample.app/GeoFenceSample";
			};
			name = Release;
		};
/* End XCBuildConfiguration section */

/* Begin XCConfigurationList section */
		906782581B301EC500170C74 /* Build configuration list for PBXProject "GeoFenceSample" */ = {
			isa = XCConfigurationList;
			buildConfigurations = (
				9067827A1B301EC500170C74 /* Debug */,
				9067827B1B301EC500170C74 /* Release */,
			);
			defaultConfigurationIsVisible = 0;
			defaultConfigurationName = Release;
		};
		9067827C1B301EC500170C74 /* Build configuration list for PBXNativeTarget "GeoFenceSample" */ = {
			isa = XCConfigurationList;
			buildConfigurations = (
				9067827D1B301EC500170C74 /* Debug */,
				9067827E1B301EC500170C74 /* Release */,
			);
			defaultConfigurationIsVisible = 0;
		};
		9067827F1B301EC500170C74 /* Build configuration list for PBXNativeTarget "GeoFenceSampleTests" */ = {
			isa = XCConfigurationList;
			buildConfigurations = (
				906782801B301EC500170C74 /* Debug */,
				906782811B301EC500170C74 /* Release */,
			);
			defaultConfigurationIsVisible = 0;
		};
/* End XCConfigurationList section */
	};
	rootObject = 906782551B301EC500170C74 /* Project object */;
}
